{
  "object": {
    "pins": [
      {
        "package": "Mixpanel",
        "repositoryURL": "https://github.com/mixpanel/mixpanel-swift.git",
        "state": {
          "branch": null,
          "revision": "86aa46d54b4cf0b8b7063d460c06cf098ad0ed02",
          "version": "3.1.3"
        }
      }
    ]
  },
  "version": 1
}
